// !$*UTF8*$!
{
	archiveVersion = 1;
	classes = {
	};
	objectVersion = 48;
	objects = {

/* Begin PBXBuildFile section */
		34B7F27EDEB674171EF28B52 /* Pods_YellowPodTests.framework in Frameworks */ = {isa = PBXBuildFile; fileRef = E915F0320289F8B0C4CC2D7B /* Pods_YellowPodTests.framework */; };
		34FEBDC1BD12667A5B4E9F37 /* Pods_YellowPod.framework in Frameworks */ = {isa = PBXBuildFile; fileRef = 15B941BF62AF30E905C104E0 /* Pods_YellowPod.framework */; };
		5EF5FFD5591E207DF4C377B1 /* Pods_YellowPodUITests.framework in Frameworks */ = {isa = PBXBuildFile; fileRef = 6A5CD8CCFA2D0EB520B49EC4 /* Pods_YellowPodUITests.framework */; };
		A0229089213676A600542759 /* MockUserManager.swift in Sources */ = {isa = PBXBuildFile; fileRef = A022906B213676A600542759 /* MockUserManager.swift */; };
		A022908A213676A600542759 /* Managers.swift in Sources */ = {isa = PBXBuildFile; fileRef = A022906D213676A600542759 /* Managers.swift */; };
		A022908E213676A600542759 /* MockHelper.swift in Sources */ = {isa = PBXBuildFile; fileRef = A0229073213676A600542759 /* MockHelper.swift */; };
		A022908F213676A600542759 /* MocksUsersAPI.swift in Sources */ = {isa = PBXBuildFile; fileRef = A0229076213676A600542759 /* MocksUsersAPI.swift */; };
		A0229090213676A600542759 /* UsersRouter.swift in Sources */ = {isa = PBXBuildFile; fileRef = A0229078213676A600542759 /* UsersRouter.swift */; };
		A0229091213676A600542759 /* Router.swift in Sources */ = {isa = PBXBuildFile; fileRef = A0229079213676A600542759 /* Router.swift */; };
		A0229092213676A600542759 /* API+Endpoints.swift in Sources */ = {isa = PBXBuildFile; fileRef = A022907A213676A600542759 /* API+Endpoints.swift */; };
		A0229095213676A600542759 /* RemoteDataSource.swift in Sources */ = {isa = PBXBuildFile; fileRef = A022907E213676A600542759 /* RemoteDataSource.swift */; };
		A0229096213676A600542759 /* API.swift in Sources */ = {isa = PBXBuildFile; fileRef = A022907F213676A600542759 /* API.swift */; };
		A0229097213676A600542759 /* HorrorHandler.swift in Sources */ = {isa = PBXBuildFile; fileRef = A0229081213676A600542759 /* HorrorHandler.swift */; };
		A0229098213676A600542759 /* SerializationError.swift in Sources */ = {isa = PBXBuildFile; fileRef = A0229082213676A600542759 /* SerializationError.swift */; };
		A0229099213676A600542759 /* InvalidSMSCodeHandler.swift in Sources */ = {isa = PBXBuildFile; fileRef = A0229083213676A600542759 /* InvalidSMSCodeHandler.swift */; };
		A022909A213676A600542759 /* UsersAPIProtocol.swift in Sources */ = {isa = PBXBuildFile; fileRef = A0229085213676A600542759 /* UsersAPIProtocol.swift */; };
		A022909B213676A600542759 /* UsersAPI.swift in Sources */ = {isa = PBXBuildFile; fileRef = A0229087213676A600542759 /* UsersAPI.swift */; };
		A03C125120227F930055B1AF /* UICollectionView+Ext.swift in Sources */ = {isa = PBXBuildFile; fileRef = A03C122120227F920055B1AF /* UICollectionView+Ext.swift */; };
		A03C125220227F930055B1AF /* UITableView+Ext.swift in Sources */ = {isa = PBXBuildFile; fileRef = A03C122220227F920055B1AF /* UITableView+Ext.swift */; };
		A03C125320227F930055B1AF /* UIViewController+BackButton.swift in Sources */ = {isa = PBXBuildFile; fileRef = A03C122420227F920055B1AF /* UIViewController+BackButton.swift */; };
		A03C125420227F930055B1AF /* UIViewController+Gallery.swift in Sources */ = {isa = PBXBuildFile; fileRef = A03C122520227F920055B1AF /* UIViewController+Gallery.swift */; };
		A03C125520227F930055B1AF /* UIViewController+Keyboard.swift in Sources */ = {isa = PBXBuildFile; fileRef = A03C122620227F920055B1AF /* UIViewController+Keyboard.swift */; };
		A03C125620227F930055B1AF /* UIViewController+Styles.swift in Sources */ = {isa = PBXBuildFile; fileRef = A03C122720227F920055B1AF /* UIViewController+Styles.swift */; };
		A03C125720227F930055B1AF /* PlaceHolderImageProvider.swift in Sources */ = {isa = PBXBuildFile; fileRef = A03C122920227F920055B1AF /* PlaceHolderImageProvider.swift */; };
		A03C125820227F930055B1AF /* SDWebImage+Ext.swift in Sources */ = {isa = PBXBuildFile; fileRef = A03C122A20227F920055B1AF /* SDWebImage+Ext.swift */; };
		A03C125920227F930055B1AF /* Array+Ext.swift in Sources */ = {isa = PBXBuildFile; fileRef = A03C122C20227F920055B1AF /* Array+Ext.swift */; };
		A03C125A20227F930055B1AF /* Date+Ext.swift in Sources */ = {isa = PBXBuildFile; fileRef = A03C122D20227F920055B1AF /* Date+Ext.swift */; };
		A03C125B20227F930055B1AF /* Double+Ext.swift in Sources */ = {isa = PBXBuildFile; fileRef = A03C122F20227F920055B1AF /* Double+Ext.swift */; };
		A03C125C20227F930055B1AF /* String+Ext.swift in Sources */ = {isa = PBXBuildFile; fileRef = A03C123020227F920055B1AF /* String+Ext.swift */; };
		A03C125D20227F930055B1AF /* UIColor+Ext.swift in Sources */ = {isa = PBXBuildFile; fileRef = A03C123120227F920055B1AF /* UIColor+Ext.swift */; };
		A03C125F20227F930055B1AF /* UIApplication+Ext.swift in Sources */ = {isa = PBXBuildFile; fileRef = A03C123320227F920055B1AF /* UIApplication+Ext.swift */; };
		A03C126020227F930055B1AF /* UIView+Blink.swift in Sources */ = {isa = PBXBuildFile; fileRef = A03C123520227F920055B1AF /* UIView+Blink.swift */; };
		A03C126120227F930055B1AF /* UIView+Shape.swift in Sources */ = {isa = PBXBuildFile; fileRef = A03C123620227F920055B1AF /* UIView+Shape.swift */; };
		A03C126220227F930055B1AF /* UIView+Styles.swift in Sources */ = {isa = PBXBuildFile; fileRef = A03C123720227F920055B1AF /* UIView+Styles.swift */; };
		A03C126820227F930055B1AF /* DateHelper.swift in Sources */ = {isa = PBXBuildFile; fileRef = A03C123F20227F920055B1AF /* DateHelper.swift */; };
		A03C126920227F930055B1AF /* DeviceDetection.swift in Sources */ = {isa = PBXBuildFile; fileRef = A03C124020227F920055B1AF /* DeviceDetection.swift */; };
		A03C126A20227F930055B1AF /* InfoPlistHelper.swift in Sources */ = {isa = PBXBuildFile; fileRef = A03C124120227F920055B1AF /* InfoPlistHelper.swift */; };
		A03C126B20227F930055B1AF /* StringHelper.swift in Sources */ = {isa = PBXBuildFile; fileRef = A03C124220227F920055B1AF /* StringHelper.swift */; };
		A03C126C20227F930055B1AF /* TextHelper.swift in Sources */ = {isa = PBXBuildFile; fileRef = A03C124320227F920055B1AF /* TextHelper.swift */; };
		A03C126D20227F930055B1AF /* BaseView.swift in Sources */ = {isa = PBXBuildFile; fileRef = A03C124520227F920055B1AF /* BaseView.swift */; };
		A03C126E20227F930055B1AF /* BaseViewController.swift in Sources */ = {isa = PBXBuildFile; fileRef = A03C124620227F920055B1AF /* BaseViewController.swift */; };
		A03C126F20227F930055B1AF /* BaseViewControllerIndicator.swift in Sources */ = {isa = PBXBuildFile; fileRef = A03C124720227F920055B1AF /* BaseViewControllerIndicator.swift */; };
		A03C127020227F930055B1AF /* PresenterMate.swift in Sources */ = {isa = PBXBuildFile; fileRef = A03C124820227F920055B1AF /* PresenterMate.swift */; };
		A03C127120227F930055B1AF /* CLGeocoder+Ext.swift in Sources */ = {isa = PBXBuildFile; fileRef = A03C124A20227F930055B1AF /* CLGeocoder+Ext.swift */; };
		A03C127220227F930055B1AF /* CLPlacemark+Ext.swift in Sources */ = {isa = PBXBuildFile; fileRef = A03C124B20227F930055B1AF /* CLPlacemark+Ext.swift */; };
		A03C127320227F930055B1AF /* NavigationHelper+Transition.swift in Sources */ = {isa = PBXBuildFile; fileRef = A03C124D20227F930055B1AF /* NavigationHelper+Transition.swift */; };
		A03C127420227F930055B1AF /* Navigator+Captain.swift in Sources */ = {isa = PBXBuildFile; fileRef = A03C124E20227F930055B1AF /* Navigator+Captain.swift */; };
		A03C127520227F930055B1AF /* Navigator+Transition.swift in Sources */ = {isa = PBXBuildFile; fileRef = A03C124F20227F930055B1AF /* Navigator+Transition.swift */; };
		A03C127620227F930055B1AF /* Navigator.swift in Sources */ = {isa = PBXBuildFile; fileRef = A03C125020227F930055B1AF /* Navigator.swift */; };
		A041DE09202294210026FCB9 /* DecorableCell.swift in Sources */ = {isa = PBXBuildFile; fileRef = A041DDFD202294210026FCB9 /* DecorableCell.swift */; };
		A041DE0A202294210026FCB9 /* BaseMapProtocols.swift in Sources */ = {isa = PBXBuildFile; fileRef = A041DE00202294210026FCB9 /* BaseMapProtocols.swift */; };
		A041DE0B202294210026FCB9 /* BaseMapViewController+Location.swift in Sources */ = {isa = PBXBuildFile; fileRef = A041DE01202294210026FCB9 /* BaseMapViewController+Location.swift */; };
		A041DE0C202294210026FCB9 /* BaseMapViewController.swift in Sources */ = {isa = PBXBuildFile; fileRef = A041DE02202294210026FCB9 /* BaseMapViewController.swift */; };
		A041DE0D202294210026FCB9 /* BasePointAnnotation.swift in Sources */ = {isa = PBXBuildFile; fileRef = A041DE03202294210026FCB9 /* BasePointAnnotation.swift */; };
		A041DE0F202294210026FCB9 /* MKMapView+Ext.swift in Sources */ = {isa = PBXBuildFile; fileRef = A041DE06202294210026FCB9 /* MKMapView+Ext.swift */; };
		A041DE10202294210026FCB9 /* MKMapView+Zoom.swift in Sources */ = {isa = PBXBuildFile; fileRef = A041DE07202294210026FCB9 /* MKMapView+Zoom.swift */; };
		A041DE11202294210026FCB9 /* MapOptions.swift in Sources */ = {isa = PBXBuildFile; fileRef = A041DE08202294210026FCB9 /* MapOptions.swift */; };
		A041DE1320229F370026FCB9 /* Constants.swift in Sources */ = {isa = PBXBuildFile; fileRef = A041DE1220229F370026FCB9 /* Constants.swift */; };
		A0A84198213B28D200764560 /* LocalDataSourceManager.swift in Sources */ = {isa = PBXBuildFile; fileRef = A0A84197213B28D200764560 /* LocalDataSourceManager.swift */; };
		A0A8419A213B3EE600764560 /* Session.swift in Sources */ = {isa = PBXBuildFile; fileRef = A0A84199213B3EE600764560 /* Session.swift */; };
		A0BD12C62023B357000EAF65 /* CollectionsIdentifiers.swift in Sources */ = {isa = PBXBuildFile; fileRef = A0BD12C52023B357000EAF65 /* CollectionsIdentifiers.swift */; };
		A0BD12C82023B543000EAF65 /* UIViewController+Titles.swift in Sources */ = {isa = PBXBuildFile; fileRef = A0BD12C72023B543000EAF65 /* UIViewController+Titles.swift */; };
		A0BD12CB2023B5EA000EAF65 /* UIView+Anchors.swift in Sources */ = {isa = PBXBuildFile; fileRef = A0BD12CA2023B5EA000EAF65 /* UIView+Anchors.swift */; };
		A0CD65611FD72BCC008A9845 /* AppDelegate.swift in Sources */ = {isa = PBXBuildFile; fileRef = A0CD65601FD72BCC008A9845 /* AppDelegate.swift */; };
		A0CD65631FD72BCC008A9845 /* DispatchViewController.swift in Sources */ = {isa = PBXBuildFile; fileRef = A0CD65621FD72BCC008A9845 /* DispatchViewController.swift */; };
		A0CD65681FD72BCC008A9845 /* Assets.xcassets in Resources */ = {isa = PBXBuildFile; fileRef = A0CD65671FD72BCC008A9845 /* Assets.xcassets */; };
		A0CD656B1FD72BCC008A9845 /* LaunchScreen.storyboard in Resources */ = {isa = PBXBuildFile; fileRef = A0CD65691FD72BCC008A9845 /* LaunchScreen.storyboard */; };
		A0CD65761FD72BCC008A9845 /* YellowPodTests.swift in Sources */ = {isa = PBXBuildFile; fileRef = A0CD65751FD72BCC008A9845 /* YellowPodTests.swift */; };
		A0CD65811FD72BCC008A9845 /* YellowPodUITests.swift in Sources */ = {isa = PBXBuildFile; fileRef = A0CD65801FD72BCC008A9845 /* YellowPodUITests.swift */; };
		A0CD659A1FD73974008A9845 /* Dispatch.storyboard in Resources */ = {isa = PBXBuildFile; fileRef = A0CD65991FD73974008A9845 /* Dispatch.storyboard */; };
		A0EAC7441FD74C29000268A3 /* User.swift in Sources */ = {isa = PBXBuildFile; fileRef = A0EAC7431FD74C29000268A3 /* User.swift */; };
/* End PBXBuildFile section */

/* Begin PBXContainerItemProxy section */
		A0CD65721FD72BCC008A9845 /* PBXContainerItemProxy */ = {
			isa = PBXContainerItemProxy;
			containerPortal = A0CD65551FD72BCC008A9845 /* Project object */;
			proxyType = 1;
			remoteGlobalIDString = A0CD655C1FD72BCC008A9845;
			remoteInfo = YellowPod;
		};
		A0CD657D1FD72BCC008A9845 /* PBXContainerItemProxy */ = {
			isa = PBXContainerItemProxy;
			containerPortal = A0CD65551FD72BCC008A9845 /* Project object */;
			proxyType = 1;
			remoteGlobalIDString = A0CD655C1FD72BCC008A9845;
			remoteInfo = YellowPod;
		};
/* End PBXContainerItemProxy section */

/* Begin PBXFileReference section */
		15B941BF62AF30E905C104E0 /* Pods_YellowPod.framework */ = {isa = PBXFileReference; explicitFileType = wrapper.framework; includeInIndex = 0; path = Pods_YellowPod.framework; sourceTree = BUILT_PRODUCTS_DIR; };
		3BCA90738631765138037EA6 /* Pods-YellowPod.release.xcconfig */ = {isa = PBXFileReference; includeInIndex = 1; lastKnownFileType = text.xcconfig; name = "Pods-YellowPod.release.xcconfig"; path = "Pods/Target Support Files/Pods-YellowPod/Pods-YellowPod.release.xcconfig"; sourceTree = "<group>"; };
		65F5C7E8FB380B75635F101E /* Pods-YellowPodTests.release.xcconfig */ = {isa = PBXFileReference; includeInIndex = 1; lastKnownFileType = text.xcconfig; name = "Pods-YellowPodTests.release.xcconfig"; path = "Pods/Target Support Files/Pods-YellowPodTests/Pods-YellowPodTests.release.xcconfig"; sourceTree = "<group>"; };
		6A5CD8CCFA2D0EB520B49EC4 /* Pods_YellowPodUITests.framework */ = {isa = PBXFileReference; explicitFileType = wrapper.framework; includeInIndex = 0; path = Pods_YellowPodUITests.framework; sourceTree = BUILT_PRODUCTS_DIR; };
		847409FAB587F35C2A154594 /* Pods-YellowPodUITests.release.xcconfig */ = {isa = PBXFileReference; includeInIndex = 1; lastKnownFileType = text.xcconfig; name = "Pods-YellowPodUITests.release.xcconfig"; path = "Pods/Target Support Files/Pods-YellowPodUITests/Pods-YellowPodUITests.release.xcconfig"; sourceTree = "<group>"; };
		A022906B213676A600542759 /* MockUserManager.swift */ = {isa = PBXFileReference; fileEncoding = 4; lastKnownFileType = sourcecode.swift; path = MockUserManager.swift; sourceTree = "<group>"; };
		A022906D213676A600542759 /* Managers.swift */ = {isa = PBXFileReference; fileEncoding = 4; lastKnownFileType = sourcecode.swift; path = Managers.swift; sourceTree = "<group>"; };
		A0229073213676A600542759 /* MockHelper.swift */ = {isa = PBXFileReference; fileEncoding = 4; lastKnownFileType = sourcecode.swift; path = MockHelper.swift; sourceTree = "<group>"; };
		A0229076213676A600542759 /* MocksUsersAPI.swift */ = {isa = PBXFileReference; fileEncoding = 4; lastKnownFileType = sourcecode.swift; path = MocksUsersAPI.swift; sourceTree = "<group>"; };
		A0229078213676A600542759 /* UsersRouter.swift */ = {isa = PBXFileReference; fileEncoding = 4; lastKnownFileType = sourcecode.swift; path = UsersRouter.swift; sourceTree = "<group>"; };
		A0229079213676A600542759 /* Router.swift */ = {isa = PBXFileReference; fileEncoding = 4; lastKnownFileType = sourcecode.swift; path = Router.swift; sourceTree = "<group>"; };
		A022907A213676A600542759 /* API+Endpoints.swift */ = {isa = PBXFileReference; fileEncoding = 4; lastKnownFileType = sourcecode.swift; path = "API+Endpoints.swift"; sourceTree = "<group>"; };
		A022907E213676A600542759 /* RemoteDataSource.swift */ = {isa = PBXFileReference; fileEncoding = 4; lastKnownFileType = sourcecode.swift; path = RemoteDataSource.swift; sourceTree = "<group>"; };
		A022907F213676A600542759 /* API.swift */ = {isa = PBXFileReference; fileEncoding = 4; lastKnownFileType = sourcecode.swift; path = API.swift; sourceTree = "<group>"; };
		A0229081213676A600542759 /* HorrorHandler.swift */ = {isa = PBXFileReference; fileEncoding = 4; lastKnownFileType = sourcecode.swift; path = HorrorHandler.swift; sourceTree = "<group>"; };
		A0229082213676A600542759 /* SerializationError.swift */ = {isa = PBXFileReference; fileEncoding = 4; lastKnownFileType = sourcecode.swift; path = SerializationError.swift; sourceTree = "<group>"; };
		A0229083213676A600542759 /* InvalidSMSCodeHandler.swift */ = {isa = PBXFileReference; fileEncoding = 4; lastKnownFileType = sourcecode.swift; path = InvalidSMSCodeHandler.swift; sourceTree = "<group>"; };
		A0229085213676A600542759 /* UsersAPIProtocol.swift */ = {isa = PBXFileReference; fileEncoding = 4; lastKnownFileType = sourcecode.swift; path = UsersAPIProtocol.swift; sourceTree = "<group>"; };
		A0229087213676A600542759 /* UsersAPI.swift */ = {isa = PBXFileReference; fileEncoding = 4; lastKnownFileType = sourcecode.swift; path = UsersAPI.swift; sourceTree = "<group>"; };
		A03C122120227F920055B1AF /* UICollectionView+Ext.swift */ = {isa = PBXFileReference; fileEncoding = 4; lastKnownFileType = sourcecode.swift; path = "UICollectionView+Ext.swift"; sourceTree = "<group>"; };
		A03C122220227F920055B1AF /* UITableView+Ext.swift */ = {isa = PBXFileReference; fileEncoding = 4; lastKnownFileType = sourcecode.swift; path = "UITableView+Ext.swift"; sourceTree = "<group>"; };
		A03C122420227F920055B1AF /* UIViewController+BackButton.swift */ = {isa = PBXFileReference; fileEncoding = 4; lastKnownFileType = sourcecode.swift; path = "UIViewController+BackButton.swift"; sourceTree = "<group>"; };
		A03C122520227F920055B1AF /* UIViewController+Gallery.swift */ = {isa = PBXFileReference; fileEncoding = 4; lastKnownFileType = sourcecode.swift; path = "UIViewController+Gallery.swift"; sourceTree = "<group>"; };
		A03C122620227F920055B1AF /* UIViewController+Keyboard.swift */ = {isa = PBXFileReference; fileEncoding = 4; lastKnownFileType = sourcecode.swift; path = "UIViewController+Keyboard.swift"; sourceTree = "<group>"; };
		A03C122720227F920055B1AF /* UIViewController+Styles.swift */ = {isa = PBXFileReference; fileEncoding = 4; lastKnownFileType = sourcecode.swift; path = "UIViewController+Styles.swift"; sourceTree = "<group>"; };
		A03C122920227F920055B1AF /* PlaceHolderImageProvider.swift */ = {isa = PBXFileReference; fileEncoding = 4; lastKnownFileType = sourcecode.swift; path = PlaceHolderImageProvider.swift; sourceTree = "<group>"; };
		A03C122A20227F920055B1AF /* SDWebImage+Ext.swift */ = {isa = PBXFileReference; fileEncoding = 4; lastKnownFileType = sourcecode.swift; path = "SDWebImage+Ext.swift"; sourceTree = "<group>"; };
		A03C122C20227F920055B1AF /* Array+Ext.swift */ = {isa = PBXFileReference; fileEncoding = 4; lastKnownFileType = sourcecode.swift; path = "Array+Ext.swift"; sourceTree = "<group>"; };
		A03C122D20227F920055B1AF /* Date+Ext.swift */ = {isa = PBXFileReference; fileEncoding = 4; lastKnownFileType = sourcecode.swift; path = "Date+Ext.swift"; sourceTree = "<group>"; };
		A03C122F20227F920055B1AF /* Double+Ext.swift */ = {isa = PBXFileReference; fileEncoding = 4; lastKnownFileType = sourcecode.swift; path = "Double+Ext.swift"; sourceTree = "<group>"; };
		A03C123020227F920055B1AF /* String+Ext.swift */ = {isa = PBXFileReference; fileEncoding = 4; lastKnownFileType = sourcecode.swift; path = "String+Ext.swift"; sourceTree = "<group>"; };
		A03C123120227F920055B1AF /* UIColor+Ext.swift */ = {isa = PBXFileReference; fileEncoding = 4; lastKnownFileType = sourcecode.swift; path = "UIColor+Ext.swift"; sourceTree = "<group>"; };
		A03C123320227F920055B1AF /* UIApplication+Ext.swift */ = {isa = PBXFileReference; fileEncoding = 4; lastKnownFileType = sourcecode.swift; path = "UIApplication+Ext.swift"; sourceTree = "<group>"; };
		A03C123520227F920055B1AF /* UIView+Blink.swift */ = {isa = PBXFileReference; fileEncoding = 4; lastKnownFileType = sourcecode.swift; path = "UIView+Blink.swift"; sourceTree = "<group>"; };
		A03C123620227F920055B1AF /* UIView+Shape.swift */ = {isa = PBXFileReference; fileEncoding = 4; lastKnownFileType = sourcecode.swift; path = "UIView+Shape.swift"; sourceTree = "<group>"; };
		A03C123720227F920055B1AF /* UIView+Styles.swift */ = {isa = PBXFileReference; fileEncoding = 4; lastKnownFileType = sourcecode.swift; path = "UIView+Styles.swift"; sourceTree = "<group>"; };
		A03C123F20227F920055B1AF /* DateHelper.swift */ = {isa = PBXFileReference; fileEncoding = 4; lastKnownFileType = sourcecode.swift; path = DateHelper.swift; sourceTree = "<group>"; };
		A03C124020227F920055B1AF /* DeviceDetection.swift */ = {isa = PBXFileReference; fileEncoding = 4; lastKnownFileType = sourcecode.swift; path = DeviceDetection.swift; sourceTree = "<group>"; };
		A03C124120227F920055B1AF /* InfoPlistHelper.swift */ = {isa = PBXFileReference; fileEncoding = 4; lastKnownFileType = sourcecode.swift; path = InfoPlistHelper.swift; sourceTree = "<group>"; };
		A03C124220227F920055B1AF /* StringHelper.swift */ = {isa = PBXFileReference; fileEncoding = 4; lastKnownFileType = sourcecode.swift; path = StringHelper.swift; sourceTree = "<group>"; };
		A03C124320227F920055B1AF /* TextHelper.swift */ = {isa = PBXFileReference; fileEncoding = 4; lastKnownFileType = sourcecode.swift; path = TextHelper.swift; sourceTree = "<group>"; };
		A03C124520227F920055B1AF /* BaseView.swift */ = {isa = PBXFileReference; fileEncoding = 4; lastKnownFileType = sourcecode.swift; path = BaseView.swift; sourceTree = "<group>"; };
		A03C124620227F920055B1AF /* BaseViewController.swift */ = {isa = PBXFileReference; fileEncoding = 4; lastKnownFileType = sourcecode.swift; path = BaseViewController.swift; sourceTree = "<group>"; };
		A03C124720227F920055B1AF /* BaseViewControllerIndicator.swift */ = {isa = PBXFileReference; fileEncoding = 4; lastKnownFileType = sourcecode.swift; path = BaseViewControllerIndicator.swift; sourceTree = "<group>"; };
		A03C124820227F920055B1AF /* PresenterMate.swift */ = {isa = PBXFileReference; fileEncoding = 4; lastKnownFileType = sourcecode.swift; path = PresenterMate.swift; sourceTree = "<group>"; };
		A03C124A20227F930055B1AF /* CLGeocoder+Ext.swift */ = {isa = PBXFileReference; fileEncoding = 4; lastKnownFileType = sourcecode.swift; path = "CLGeocoder+Ext.swift"; sourceTree = "<group>"; };
		A03C124B20227F930055B1AF /* CLPlacemark+Ext.swift */ = {isa = PBXFileReference; fileEncoding = 4; lastKnownFileType = sourcecode.swift; path = "CLPlacemark+Ext.swift"; sourceTree = "<group>"; };
		A03C124D20227F930055B1AF /* NavigationHelper+Transition.swift */ = {isa = PBXFileReference; fileEncoding = 4; lastKnownFileType = sourcecode.swift; path = "NavigationHelper+Transition.swift"; sourceTree = "<group>"; };
		A03C124E20227F930055B1AF /* Navigator+Captain.swift */ = {isa = PBXFileReference; fileEncoding = 4; lastKnownFileType = sourcecode.swift; path = "Navigator+Captain.swift"; sourceTree = "<group>"; };
		A03C124F20227F930055B1AF /* Navigator+Transition.swift */ = {isa = PBXFileReference; fileEncoding = 4; lastKnownFileType = sourcecode.swift; path = "Navigator+Transition.swift"; sourceTree = "<group>"; };
		A03C125020227F930055B1AF /* Navigator.swift */ = {isa = PBXFileReference; fileEncoding = 4; lastKnownFileType = sourcecode.swift; path = Navigator.swift; sourceTree = "<group>"; };
		A041DDFD202294210026FCB9 /* DecorableCell.swift */ = {isa = PBXFileReference; fileEncoding = 4; lastKnownFileType = sourcecode.swift; path = DecorableCell.swift; sourceTree = "<group>"; };
		A041DE00202294210026FCB9 /* BaseMapProtocols.swift */ = {isa = PBXFileReference; fileEncoding = 4; lastKnownFileType = sourcecode.swift; path = BaseMapProtocols.swift; sourceTree = "<group>"; };
		A041DE01202294210026FCB9 /* BaseMapViewController+Location.swift */ = {isa = PBXFileReference; fileEncoding = 4; lastKnownFileType = sourcecode.swift; path = "BaseMapViewController+Location.swift"; sourceTree = "<group>"; };
		A041DE02202294210026FCB9 /* BaseMapViewController.swift */ = {isa = PBXFileReference; fileEncoding = 4; lastKnownFileType = sourcecode.swift; path = BaseMapViewController.swift; sourceTree = "<group>"; };
		A041DE03202294210026FCB9 /* BasePointAnnotation.swift */ = {isa = PBXFileReference; fileEncoding = 4; lastKnownFileType = sourcecode.swift; path = BasePointAnnotation.swift; sourceTree = "<group>"; };
		A041DE06202294210026FCB9 /* MKMapView+Ext.swift */ = {isa = PBXFileReference; fileEncoding = 4; lastKnownFileType = sourcecode.swift; path = "MKMapView+Ext.swift"; sourceTree = "<group>"; };
		A041DE07202294210026FCB9 /* MKMapView+Zoom.swift */ = {isa = PBXFileReference; fileEncoding = 4; lastKnownFileType = sourcecode.swift; path = "MKMapView+Zoom.swift"; sourceTree = "<group>"; };
		A041DE08202294210026FCB9 /* MapOptions.swift */ = {isa = PBXFileReference; fileEncoding = 4; lastKnownFileType = sourcecode.swift; path = MapOptions.swift; sourceTree = "<group>"; };
		A041DE1220229F370026FCB9 /* Constants.swift */ = {isa = PBXFileReference; lastKnownFileType = sourcecode.swift; path = Constants.swift; sourceTree = "<group>"; };
		A0A84197213B28D200764560 /* LocalDataSourceManager.swift */ = {isa = PBXFileReference; lastKnownFileType = sourcecode.swift; path = LocalDataSourceManager.swift; sourceTree = "<group>"; };
		A0A84199213B3EE600764560 /* Session.swift */ = {isa = PBXFileReference; lastKnownFileType = sourcecode.swift; path = Session.swift; sourceTree = "<group>"; };
		A0BD12C52023B357000EAF65 /* CollectionsIdentifiers.swift */ = {isa = PBXFileReference; lastKnownFileType = sourcecode.swift; path = CollectionsIdentifiers.swift; sourceTree = "<group>"; };
		A0BD12C72023B543000EAF65 /* UIViewController+Titles.swift */ = {isa = PBXFileReference; lastKnownFileType = sourcecode.swift; path = "UIViewController+Titles.swift"; sourceTree = "<group>"; };
		A0BD12CA2023B5EA000EAF65 /* UIView+Anchors.swift */ = {isa = PBXFileReference; lastKnownFileType = sourcecode.swift; path = "UIView+Anchors.swift"; sourceTree = "<group>"; };
		A0CD655D1FD72BCC008A9845 /* YellowPod.app */ = {isa = PBXFileReference; explicitFileType = wrapper.application; includeInIndex = 0; path = YellowPod.app; sourceTree = BUILT_PRODUCTS_DIR; };
		A0CD65601FD72BCC008A9845 /* AppDelegate.swift */ = {isa = PBXFileReference; lastKnownFileType = sourcecode.swift; path = AppDelegate.swift; sourceTree = "<group>"; };
		A0CD65621FD72BCC008A9845 /* DispatchViewController.swift */ = {isa = PBXFileReference; lastKnownFileType = sourcecode.swift; path = DispatchViewController.swift; sourceTree = "<group>"; };
		A0CD65671FD72BCC008A9845 /* Assets.xcassets */ = {isa = PBXFileReference; lastKnownFileType = folder.assetcatalog; path = Assets.xcassets; sourceTree = "<group>"; };
		A0CD656A1FD72BCC008A9845 /* Base */ = {isa = PBXFileReference; lastKnownFileType = file.storyboard; name = Base; path = Base.lproj/LaunchScreen.storyboard; sourceTree = "<group>"; };
		A0CD656C1FD72BCC008A9845 /* Info.plist */ = {isa = PBXFileReference; lastKnownFileType = text.plist.xml; path = Info.plist; sourceTree = "<group>"; };
		A0CD65711FD72BCC008A9845 /* YellowPodTests.xctest */ = {isa = PBXFileReference; explicitFileType = wrapper.cfbundle; includeInIndex = 0; path = YellowPodTests.xctest; sourceTree = BUILT_PRODUCTS_DIR; };
		A0CD65751FD72BCC008A9845 /* YellowPodTests.swift */ = {isa = PBXFileReference; lastKnownFileType = sourcecode.swift; path = YellowPodTests.swift; sourceTree = "<group>"; };
		A0CD65771FD72BCC008A9845 /* Info.plist */ = {isa = PBXFileReference; lastKnownFileType = text.plist.xml; path = Info.plist; sourceTree = "<group>"; };
		A0CD657C1FD72BCC008A9845 /* YellowPodUITests.xctest */ = {isa = PBXFileReference; explicitFileType = wrapper.cfbundle; includeInIndex = 0; path = YellowPodUITests.xctest; sourceTree = BUILT_PRODUCTS_DIR; };
		A0CD65801FD72BCC008A9845 /* YellowPodUITests.swift */ = {isa = PBXFileReference; lastKnownFileType = sourcecode.swift; path = YellowPodUITests.swift; sourceTree = "<group>"; };
		A0CD65821FD72BCC008A9845 /* Info.plist */ = {isa = PBXFileReference; lastKnownFileType = text.plist.xml; path = Info.plist; sourceTree = "<group>"; };
		A0CD65991FD73974008A9845 /* Dispatch.storyboard */ = {isa = PBXFileReference; lastKnownFileType = file.storyboard; path = Dispatch.storyboard; sourceTree = "<group>"; };
		A0EAC7431FD74C29000268A3 /* User.swift */ = {isa = PBXFileReference; lastKnownFileType = sourcecode.swift; path = User.swift; sourceTree = "<group>"; };
		B034DD4457C6E0CB2F3DF93D /* Pods-YellowPodUITests.debug.xcconfig */ = {isa = PBXFileReference; includeInIndex = 1; lastKnownFileType = text.xcconfig; name = "Pods-YellowPodUITests.debug.xcconfig"; path = "Pods/Target Support Files/Pods-YellowPodUITests/Pods-YellowPodUITests.debug.xcconfig"; sourceTree = "<group>"; };
		C63B44D3BE6B05E4C49E158E /* Pods-YellowPod.debug.xcconfig */ = {isa = PBXFileReference; includeInIndex = 1; lastKnownFileType = text.xcconfig; name = "Pods-YellowPod.debug.xcconfig"; path = "Pods/Target Support Files/Pods-YellowPod/Pods-YellowPod.debug.xcconfig"; sourceTree = "<group>"; };
		E915F0320289F8B0C4CC2D7B /* Pods_YellowPodTests.framework */ = {isa = PBXFileReference; explicitFileType = wrapper.framework; includeInIndex = 0; path = Pods_YellowPodTests.framework; sourceTree = BUILT_PRODUCTS_DIR; };
		EF97B3E6984C8EA0240DE73D /* Pods-YellowPodTests.debug.xcconfig */ = {isa = PBXFileReference; includeInIndex = 1; lastKnownFileType = text.xcconfig; name = "Pods-YellowPodTests.debug.xcconfig"; path = "Pods/Target Support Files/Pods-YellowPodTests/Pods-YellowPodTests.debug.xcconfig"; sourceTree = "<group>"; };
/* End PBXFileReference section */

/* Begin PBXFrameworksBuildPhase section */
		A0CD655A1FD72BCC008A9845 /* Frameworks */ = {
			isa = PBXFrameworksBuildPhase;
			buildActionMask = 2147483647;
			files = (
				34FEBDC1BD12667A5B4E9F37 /* Pods_YellowPod.framework in Frameworks */,
			);
			runOnlyForDeploymentPostprocessing = 0;
		};
		A0CD656E1FD72BCC008A9845 /* Frameworks */ = {
			isa = PBXFrameworksBuildPhase;
			buildActionMask = 2147483647;
			files = (
				34B7F27EDEB674171EF28B52 /* Pods_YellowPodTests.framework in Frameworks */,
			);
			runOnlyForDeploymentPostprocessing = 0;
		};
		A0CD65791FD72BCC008A9845 /* Frameworks */ = {
			isa = PBXFrameworksBuildPhase;
			buildActionMask = 2147483647;
			files = (
				5EF5FFD5591E207DF4C377B1 /* Pods_YellowPodUITests.framework in Frameworks */,
			);
			runOnlyForDeploymentPostprocessing = 0;
		};
/* End PBXFrameworksBuildPhase section */

/* Begin PBXGroup section */
		A0229067213676A600542759 /* Data */ = {
			isa = PBXGroup;
			children = (
				A0229069213676A600542759 /* Local */,
				A0229072213676A600542759 /* Helpers */,
				A0229074213676A600542759 /* Remote */,
			);
			path = Data;
			sourceTree = "<group>";
		};
		A0229069213676A600542759 /* Local */ = {
			isa = PBXGroup;
			children = (
				A022906A213676A600542759 /* Mocks */,
				A022906C213676A600542759 /* Managers */,
			);
			path = Local;
			sourceTree = "<group>";
		};
		A022906A213676A600542759 /* Mocks */ = {
			isa = PBXGroup;
			children = (
				A022906B213676A600542759 /* MockUserManager.swift */,
			);
			path = Mocks;
			sourceTree = "<group>";
		};
		A022906C213676A600542759 /* Managers */ = {
			isa = PBXGroup;
			children = (
				A022906D213676A600542759 /* Managers.swift */,
				A0A84197213B28D200764560 /* LocalDataSourceManager.swift */,
			);
			path = Managers;
			sourceTree = "<group>";
		};
		A0229072213676A600542759 /* Helpers */ = {
			isa = PBXGroup;
			children = (
				A0229073213676A600542759 /* MockHelper.swift */,
			);
			path = Helpers;
			sourceTree = "<group>";
		};
		A0229074213676A600542759 /* Remote */ = {
			isa = PBXGroup;
			children = (
				A022907A213676A600542759 /* API+Endpoints.swift */,
				A022907F213676A600542759 /* API.swift */,
				A0229075213676A600542759 /* Mocks */,
				A0229077213676A600542759 /* Routers */,
				A022907D213676A600542759 /* Support */,
				A0229080213676A600542759 /* Errors */,
				A0229084213676A600542759 /* Protocols */,
				A0229086213676A600542759 /* Services */,
			);
			path = Remote;
			sourceTree = "<group>";
		};
		A0229075213676A600542759 /* Mocks */ = {
			isa = PBXGroup;
			children = (
				A0229076213676A600542759 /* MocksUsersAPI.swift */,
			);
			path = Mocks;
			sourceTree = "<group>";
		};
		A0229077213676A600542759 /* Routers */ = {
			isa = PBXGroup;
			children = (
				A0229078213676A600542759 /* UsersRouter.swift */,
				A0229079213676A600542759 /* Router.swift */,
			);
			path = Routers;
			sourceTree = "<group>";
		};
		A022907D213676A600542759 /* Support */ = {
			isa = PBXGroup;
			children = (
				A022907E213676A600542759 /* RemoteDataSource.swift */,
			);
			path = Support;
			sourceTree = "<group>";
		};
		A0229080213676A600542759 /* Errors */ = {
			isa = PBXGroup;
			children = (
				A0229081213676A600542759 /* HorrorHandler.swift */,
				A0229082213676A600542759 /* SerializationError.swift */,
				A0229083213676A600542759 /* InvalidSMSCodeHandler.swift */,
			);
			path = Errors;
			sourceTree = "<group>";
		};
		A0229084213676A600542759 /* Protocols */ = {
			isa = PBXGroup;
			children = (
				A0229085213676A600542759 /* UsersAPIProtocol.swift */,
			);
			path = Protocols;
			sourceTree = "<group>";
		};
		A0229086213676A600542759 /* Services */ = {
			isa = PBXGroup;
			children = (
				A0229087213676A600542759 /* UsersAPI.swift */,
			);
			path = Services;
			sourceTree = "<group>";
		};
		A03C121F20227F920055B1AF /* Extensions */ = {
			isa = PBXGroup;
			children = (
				A0BD12C92023B5C0000EAF65 /* Style */,
				A03C122020227F920055B1AF /* Collections */,
				A03C122320227F920055B1AF /* Controllers */,
				A03C122820227F920055B1AF /* Images */,
				A03C122B20227F920055B1AF /* Logic */,
				A03C123420227F920055B1AF /* Views */,
				A03C123320227F920055B1AF /* UIApplication+Ext.swift */,
				A03C123020227F920055B1AF /* String+Ext.swift */,
			);
			path = Extensions;
			sourceTree = "<group>";
		};
		A03C122020227F920055B1AF /* Collections */ = {
			isa = PBXGroup;
			children = (
				A0BD12C52023B357000EAF65 /* CollectionsIdentifiers.swift */,
				A03C122120227F920055B1AF /* UICollectionView+Ext.swift */,
				A03C122220227F920055B1AF /* UITableView+Ext.swift */,
			);
			path = Collections;
			sourceTree = "<group>";
		};
		A03C122320227F920055B1AF /* Controllers */ = {
			isa = PBXGroup;
			children = (
				A03C122420227F920055B1AF /* UIViewController+BackButton.swift */,
				A03C122520227F920055B1AF /* UIViewController+Gallery.swift */,
				A03C122620227F920055B1AF /* UIViewController+Keyboard.swift */,
				A0BD12C72023B543000EAF65 /* UIViewController+Titles.swift */,
			);
			path = Controllers;
			sourceTree = "<group>";
		};
		A03C122820227F920055B1AF /* Images */ = {
			isa = PBXGroup;
			children = (
				A03C122920227F920055B1AF /* PlaceHolderImageProvider.swift */,
				A03C122A20227F920055B1AF /* SDWebImage+Ext.swift */,
			);
			path = Images;
			sourceTree = "<group>";
		};
		A03C122B20227F920055B1AF /* Logic */ = {
			isa = PBXGroup;
			children = (
				A03C122C20227F920055B1AF /* Array+Ext.swift */,
				A03C122D20227F920055B1AF /* Date+Ext.swift */,
				A03C122F20227F920055B1AF /* Double+Ext.swift */,
				A03C123120227F920055B1AF /* UIColor+Ext.swift */,
			);
			path = Logic;
			sourceTree = "<group>";
		};
		A03C123420227F920055B1AF /* Views */ = {
			isa = PBXGroup;
			children = (
				A03C123520227F920055B1AF /* UIView+Blink.swift */,
				A03C123620227F920055B1AF /* UIView+Shape.swift */,
				A0BD12CA2023B5EA000EAF65 /* UIView+Anchors.swift */,
			);
			path = Views;
			sourceTree = "<group>";
		};
		A03C123E20227F920055B1AF /* Helpers */ = {
			isa = PBXGroup;
			children = (
				A03C123F20227F920055B1AF /* DateHelper.swift */,
				A03C124020227F920055B1AF /* DeviceDetection.swift */,
				A03C124120227F920055B1AF /* InfoPlistHelper.swift */,
				A03C124220227F920055B1AF /* StringHelper.swift */,
				A03C124320227F920055B1AF /* TextHelper.swift */,
			);
			path = Helpers;
			sourceTree = "<group>";
		};
		A03C124420227F920055B1AF /* ViewPresenter */ = {
			isa = PBXGroup;
			children = (
				A03C124520227F920055B1AF /* BaseView.swift */,
				A03C124620227F920055B1AF /* BaseViewController.swift */,
				A03C124720227F920055B1AF /* BaseViewControllerIndicator.swift */,
				A03C124820227F920055B1AF /* PresenterMate.swift */,
			);
			path = ViewPresenter;
			sourceTree = "<group>";
		};
		A03C124920227F930055B1AF /* Geocode */ = {
			isa = PBXGroup;
			children = (
				A03C124A20227F930055B1AF /* CLGeocoder+Ext.swift */,
				A03C124B20227F930055B1AF /* CLPlacemark+Ext.swift */,
			);
			path = Geocode;
			sourceTree = "<group>";
		};
		A03C124C20227F930055B1AF /* Navigation */ = {
			isa = PBXGroup;
			children = (
				A03C124D20227F930055B1AF /* NavigationHelper+Transition.swift */,
				A03C124E20227F930055B1AF /* Navigator+Captain.swift */,
				A03C124F20227F930055B1AF /* Navigator+Transition.swift */,
				A03C125020227F930055B1AF /* Navigator.swift */,
			);
			path = Navigation;
			sourceTree = "<group>";
		};
		A041DDFC202294210026FCB9 /* Cells */ = {
			isa = PBXGroup;
			children = (
				A041DDFD202294210026FCB9 /* DecorableCell.swift */,
			);
			path = Cells;
			sourceTree = "<group>";
		};
		A041DDFE202294210026FCB9 /* Map */ = {
			isa = PBXGroup;
			children = (
				A041DDFF202294210026FCB9 /* Base */,
				A041DE04202294210026FCB9 /* Extensions */,
				A041DE08202294210026FCB9 /* MapOptions.swift */,
			);
			path = Map;
			sourceTree = "<group>";
		};
		A041DDFF202294210026FCB9 /* Base */ = {
			isa = PBXGroup;
			children = (
				A041DE00202294210026FCB9 /* BaseMapProtocols.swift */,
				A041DE01202294210026FCB9 /* BaseMapViewController+Location.swift */,
				A041DE02202294210026FCB9 /* BaseMapViewController.swift */,
				A041DE03202294210026FCB9 /* BasePointAnnotation.swift */,
			);
			path = Base;
			sourceTree = "<group>";
		};
		A041DE04202294210026FCB9 /* Extensions */ = {
			isa = PBXGroup;
			children = (
				A041DE06202294210026FCB9 /* MKMapView+Ext.swift */,
				A041DE07202294210026FCB9 /* MKMapView+Zoom.swift */,
			);
			path = Extensions;
			sourceTree = "<group>";
		};
		A0BD12C92023B5C0000EAF65 /* Style */ = {
			isa = PBXGroup;
			children = (
				A03C122720227F920055B1AF /* UIViewController+Styles.swift */,
				A03C123720227F920055B1AF /* UIView+Styles.swift */,
			);
			path = Style;
			sourceTree = "<group>";
		};
		A0CD65541FD72BCC008A9845 = {
			isa = PBXGroup;
			children = (
				A0CD655F1FD72BCC008A9845 /* YellowPod */,
				A0CD65741FD72BCC008A9845 /* YellowPodTests */,
				A0CD657F1FD72BCC008A9845 /* YellowPodUITests */,
				A0CD655E1FD72BCC008A9845 /* Products */,
				A0D95310E52E836B68F3D39E /* Pods */,
				F2881837BE2F1AE66D443455 /* Frameworks */,
			);
			sourceTree = "<group>";
		};
		A0CD655E1FD72BCC008A9845 /* Products */ = {
			isa = PBXGroup;
			children = (
				A0CD655D1FD72BCC008A9845 /* YellowPod.app */,
				A0CD65711FD72BCC008A9845 /* YellowPodTests.xctest */,
				A0CD657C1FD72BCC008A9845 /* YellowPodUITests.xctest */,
			);
			name = Products;
			sourceTree = "<group>";
		};
		A0CD655F1FD72BCC008A9845 /* YellowPod */ = {
			isa = PBXGroup;
			children = (
				A0CD65971FD7324A008A9845 /* Config */,
				A0CD658E1FD73228008A9845 /* Common */,
				A0CD65911FD73228008A9845 /* Components */,
				A0CD65961FD73228008A9845 /* Domain */,
				A0229067213676A600542759 /* Data */,
				A0CD65921FD73228008A9845 /* Presentation */,
				A0CD65601FD72BCC008A9845 /* AppDelegate.swift */,
			);
			path = YellowPod;
			sourceTree = "<group>";
		};
		A0CD65741FD72BCC008A9845 /* YellowPodTests */ = {
			isa = PBXGroup;
			children = (
				A0CD65751FD72BCC008A9845 /* YellowPodTests.swift */,
				A0CD65771FD72BCC008A9845 /* Info.plist */,
			);
			path = YellowPodTests;
			sourceTree = "<group>";
		};
		A0CD657F1FD72BCC008A9845 /* YellowPodUITests */ = {
			isa = PBXGroup;
			children = (
				A0CD65801FD72BCC008A9845 /* YellowPodUITests.swift */,
				A0CD65821FD72BCC008A9845 /* Info.plist */,
			);
			path = YellowPodUITests;
			sourceTree = "<group>";
		};
		A0CD658E1FD73228008A9845 /* Common */ = {
			isa = PBXGroup;
			children = (
				A03C121F20227F920055B1AF /* Extensions */,
				A03C124920227F930055B1AF /* Geocode */,
				A03C123E20227F920055B1AF /* Helpers */,
				A03C124C20227F930055B1AF /* Navigation */,
				A03C124420227F920055B1AF /* ViewPresenter */,
			);
			path = Common;
			sourceTree = "<group>";
		};
		A0CD65911FD73228008A9845 /* Components */ = {
			isa = PBXGroup;
			children = (
				A041DDFC202294210026FCB9 /* Cells */,
				A041DDFE202294210026FCB9 /* Map */,
			);
			path = Components;
			sourceTree = "<group>";
		};
		A0CD65921FD73228008A9845 /* Presentation */ = {
			isa = PBXGroup;
			children = (
				A0CD65981FD73932008A9845 /* Dispatch */,
			);
			path = Presentation;
			sourceTree = "<group>";
		};
		A0CD65961FD73228008A9845 /* Domain */ = {
			isa = PBXGroup;
			children = (
				A041DE1220229F370026FCB9 /* Constants.swift */,
				A0EAC7431FD74C29000268A3 /* User.swift */,
				A0A84199213B3EE600764560 /* Session.swift */,
			);
			path = Domain;
			sourceTree = "<group>";
		};
		A0CD65971FD7324A008A9845 /* Config */ = {
			isa = PBXGroup;
			children = (
				A0CD65671FD72BCC008A9845 /* Assets.xcassets */,
				A0CD65691FD72BCC008A9845 /* LaunchScreen.storyboard */,
				A0CD656C1FD72BCC008A9845 /* Info.plist */,
			);
			path = Config;
			sourceTree = "<group>";
		};
		A0CD65981FD73932008A9845 /* Dispatch */ = {
			isa = PBXGroup;
			children = (
				A0CD65991FD73974008A9845 /* Dispatch.storyboard */,
				A0CD65621FD72BCC008A9845 /* DispatchViewController.swift */,
			);
			path = Dispatch;
			sourceTree = "<group>";
		};
		A0D95310E52E836B68F3D39E /* Pods */ = {
			isa = PBXGroup;
			children = (
				C63B44D3BE6B05E4C49E158E /* Pods-YellowPod.debug.xcconfig */,
				3BCA90738631765138037EA6 /* Pods-YellowPod.release.xcconfig */,
				EF97B3E6984C8EA0240DE73D /* Pods-YellowPodTests.debug.xcconfig */,
				65F5C7E8FB380B75635F101E /* Pods-YellowPodTests.release.xcconfig */,
				B034DD4457C6E0CB2F3DF93D /* Pods-YellowPodUITests.debug.xcconfig */,
				847409FAB587F35C2A154594 /* Pods-YellowPodUITests.release.xcconfig */,
			);
			name = Pods;
			sourceTree = "<group>";
		};
		F2881837BE2F1AE66D443455 /* Frameworks */ = {
			isa = PBXGroup;
			children = (
				15B941BF62AF30E905C104E0 /* Pods_YellowPod.framework */,
				E915F0320289F8B0C4CC2D7B /* Pods_YellowPodTests.framework */,
				6A5CD8CCFA2D0EB520B49EC4 /* Pods_YellowPodUITests.framework */,
			);
			name = Frameworks;
			sourceTree = "<group>";
		};
/* End PBXGroup section */

/* Begin PBXNativeTarget section */
		A0CD655C1FD72BCC008A9845 /* YellowPod */ = {
			isa = PBXNativeTarget;
			buildConfigurationList = A0CD65851FD72BCC008A9845 /* Build configuration list for PBXNativeTarget "YellowPod" */;
			buildPhases = (
				ACB40B2BE59BE92F9BB4F6EC /* [CP] Check Pods Manifest.lock */,
				A0CD65591FD72BCC008A9845 /* Sources */,
				A0CD655A1FD72BCC008A9845 /* Frameworks */,
				A0CD655B1FD72BCC008A9845 /* Resources */,
				8E8CABE98F7680D7B45AF86B /* [CP] Embed Pods Frameworks */,
				90F3CAD61B4C787D0D4E6A31 /* [CP] Copy Pods Resources */,
			);
			buildRules = (
			);
			dependencies = (
			);
			name = YellowPod;
			productName = YellowPod;
			productReference = A0CD655D1FD72BCC008A9845 /* YellowPod.app */;
			productType = "com.apple.product-type.application";
		};
		A0CD65701FD72BCC008A9845 /* YellowPodTests */ = {
			isa = PBXNativeTarget;
			buildConfigurationList = A0CD65881FD72BCC008A9845 /* Build configuration list for PBXNativeTarget "YellowPodTests" */;
			buildPhases = (
				500C5E24C55F5B738EB8A8AA /* [CP] Check Pods Manifest.lock */,
				A0CD656D1FD72BCC008A9845 /* Sources */,
				A0CD656E1FD72BCC008A9845 /* Frameworks */,
				A0CD656F1FD72BCC008A9845 /* Resources */,
				DD2B7D161F951387E4FB09D3 /* [CP] Embed Pods Frameworks */,
				1895F8006107A319941F42BD /* [CP] Copy Pods Resources */,
			);
			buildRules = (
			);
			dependencies = (
				A0CD65731FD72BCC008A9845 /* PBXTargetDependency */,
			);
			name = YellowPodTests;
			productName = YellowPodTests;
			productReference = A0CD65711FD72BCC008A9845 /* YellowPodTests.xctest */;
			productType = "com.apple.product-type.bundle.unit-test";
		};
		A0CD657B1FD72BCC008A9845 /* YellowPodUITests */ = {
			isa = PBXNativeTarget;
			buildConfigurationList = A0CD658B1FD72BCC008A9845 /* Build configuration list for PBXNativeTarget "YellowPodUITests" */;
			buildPhases = (
				8304BCD2416908F146596D94 /* [CP] Check Pods Manifest.lock */,
				A0CD65781FD72BCC008A9845 /* Sources */,
				A0CD65791FD72BCC008A9845 /* Frameworks */,
				A0CD657A1FD72BCC008A9845 /* Resources */,
				2DBDE7345037B90C0BB6E654 /* [CP] Embed Pods Frameworks */,
				3C71242A96BFE03CF511D821 /* [CP] Copy Pods Resources */,
			);
			buildRules = (
			);
			dependencies = (
				A0CD657E1FD72BCC008A9845 /* PBXTargetDependency */,
			);
			name = YellowPodUITests;
			productName = YellowPodUITests;
			productReference = A0CD657C1FD72BCC008A9845 /* YellowPodUITests.xctest */;
			productType = "com.apple.product-type.bundle.ui-testing";
		};
/* End PBXNativeTarget section */

/* Begin PBXProject section */
		A0CD65551FD72BCC008A9845 /* Project object */ = {
			isa = PBXProject;
			attributes = {
				LastSwiftUpdateCheck = 0910;
				LastUpgradeCheck = 0910;
				ORGANIZATIONNAME = Yellowme;
				TargetAttributes = {
					A0CD655C1FD72BCC008A9845 = {
						CreatedOnToolsVersion = 9.1;
						ProvisioningStyle = Automatic;
					};
					A0CD65701FD72BCC008A9845 = {
						CreatedOnToolsVersion = 9.1;
						ProvisioningStyle = Automatic;
						TestTargetID = A0CD655C1FD72BCC008A9845;
					};
					A0CD657B1FD72BCC008A9845 = {
						CreatedOnToolsVersion = 9.1;
						ProvisioningStyle = Automatic;
						TestTargetID = A0CD655C1FD72BCC008A9845;
					};
				};
			};
			buildConfigurationList = A0CD65581FD72BCC008A9845 /* Build configuration list for PBXProject "YellowPod" */;
			compatibilityVersion = "Xcode 8.0";
			developmentRegion = en;
			hasScannedForEncodings = 0;
			knownRegions = (
				en,
				Base,
			);
			mainGroup = A0CD65541FD72BCC008A9845;
			productRefGroup = A0CD655E1FD72BCC008A9845 /* Products */;
			projectDirPath = "";
			projectRoot = "";
			targets = (
				A0CD655C1FD72BCC008A9845 /* YellowPod */,
				A0CD65701FD72BCC008A9845 /* YellowPodTests */,
				A0CD657B1FD72BCC008A9845 /* YellowPodUITests */,
			);
		};
/* End PBXProject section */

/* Begin PBXResourcesBuildPhase section */
		A0CD655B1FD72BCC008A9845 /* Resources */ = {
			isa = PBXResourcesBuildPhase;
			buildActionMask = 2147483647;
			files = (
				A0CD656B1FD72BCC008A9845 /* LaunchScreen.storyboard in Resources */,
				A0CD65681FD72BCC008A9845 /* Assets.xcassets in Resources */,
				A0CD659A1FD73974008A9845 /* Dispatch.storyboard in Resources */,
			);
			runOnlyForDeploymentPostprocessing = 0;
		};
		A0CD656F1FD72BCC008A9845 /* Resources */ = {
			isa = PBXResourcesBuildPhase;
			buildActionMask = 2147483647;
			files = (
			);
			runOnlyForDeploymentPostprocessing = 0;
		};
		A0CD657A1FD72BCC008A9845 /* Resources */ = {
			isa = PBXResourcesBuildPhase;
			buildActionMask = 2147483647;
			files = (
			);
			runOnlyForDeploymentPostprocessing = 0;
		};
/* End PBXResourcesBuildPhase section */

/* Begin PBXShellScriptBuildPhase section */
		1895F8006107A319941F42BD /* [CP] Copy Pods Resources */ = {
			isa = PBXShellScriptBuildPhase;
			buildActionMask = 2147483647;
			files = (
			);
			inputPaths = (
			);
			name = "[CP] Copy Pods Resources";
			outputPaths = (
			);
			runOnlyForDeploymentPostprocessing = 0;
			shellPath = /bin/sh;
			shellScript = "\"${SRCROOT}/Pods/Target Support Files/Pods-YellowPodTests/Pods-YellowPodTests-resources.sh\"\n";
			showEnvVarsInLog = 0;
		};
		2DBDE7345037B90C0BB6E654 /* [CP] Embed Pods Frameworks */ = {
			isa = PBXShellScriptBuildPhase;
			buildActionMask = 2147483647;
			files = (
			);
			inputPaths = (
			);
			name = "[CP] Embed Pods Frameworks";
			outputPaths = (
			);
			runOnlyForDeploymentPostprocessing = 0;
			shellPath = /bin/sh;
			shellScript = "\"${SRCROOT}/Pods/Target Support Files/Pods-YellowPodUITests/Pods-YellowPodUITests-frameworks.sh\"\n";
			showEnvVarsInLog = 0;
		};
		3C71242A96BFE03CF511D821 /* [CP] Copy Pods Resources */ = {
			isa = PBXShellScriptBuildPhase;
			buildActionMask = 2147483647;
			files = (
			);
			inputPaths = (
			);
			name = "[CP] Copy Pods Resources";
			outputPaths = (
			);
			runOnlyForDeploymentPostprocessing = 0;
			shellPath = /bin/sh;
			shellScript = "\"${SRCROOT}/Pods/Target Support Files/Pods-YellowPodUITests/Pods-YellowPodUITests-resources.sh\"\n";
			showEnvVarsInLog = 0;
		};
		500C5E24C55F5B738EB8A8AA /* [CP] Check Pods Manifest.lock */ = {
			isa = PBXShellScriptBuildPhase;
			buildActionMask = 2147483647;
			files = (
			);
			inputPaths = (
				"${PODS_PODFILE_DIR_PATH}/Podfile.lock",
				"${PODS_ROOT}/Manifest.lock",
			);
			name = "[CP] Check Pods Manifest.lock";
			outputPaths = (
				"$(DERIVED_FILE_DIR)/Pods-YellowPodTests-checkManifestLockResult.txt",
			);
			runOnlyForDeploymentPostprocessing = 0;
			shellPath = /bin/sh;
			shellScript = "diff \"${PODS_PODFILE_DIR_PATH}/Podfile.lock\" \"${PODS_ROOT}/Manifest.lock\" > /dev/null\nif [ $? != 0 ] ; then\n    # print error to STDERR\n    echo \"error: The sandbox is not in sync with the Podfile.lock. Run 'pod install' or update your CocoaPods installation.\" >&2\n    exit 1\nfi\n# This output is used by Xcode 'outputs' to avoid re-running this script phase.\necho \"SUCCESS\" > \"${SCRIPT_OUTPUT_FILE_0}\"\n";
			showEnvVarsInLog = 0;
		};
		8304BCD2416908F146596D94 /* [CP] Check Pods Manifest.lock */ = {
			isa = PBXShellScriptBuildPhase;
			buildActionMask = 2147483647;
			files = (
			);
			inputPaths = (
				"${PODS_PODFILE_DIR_PATH}/Podfile.lock",
				"${PODS_ROOT}/Manifest.lock",
			);
			name = "[CP] Check Pods Manifest.lock";
			outputPaths = (
				"$(DERIVED_FILE_DIR)/Pods-YellowPodUITests-checkManifestLockResult.txt",
			);
			runOnlyForDeploymentPostprocessing = 0;
			shellPath = /bin/sh;
			shellScript = "diff \"${PODS_PODFILE_DIR_PATH}/Podfile.lock\" \"${PODS_ROOT}/Manifest.lock\" > /dev/null\nif [ $? != 0 ] ; then\n    # print error to STDERR\n    echo \"error: The sandbox is not in sync with the Podfile.lock. Run 'pod install' or update your CocoaPods installation.\" >&2\n    exit 1\nfi\n# This output is used by Xcode 'outputs' to avoid re-running this script phase.\necho \"SUCCESS\" > \"${SCRIPT_OUTPUT_FILE_0}\"\n";
			showEnvVarsInLog = 0;
		};
		8E8CABE98F7680D7B45AF86B /* [CP] Embed Pods Frameworks */ = {
			isa = PBXShellScriptBuildPhase;
			buildActionMask = 2147483647;
			files = (
			);
			inputPaths = (
				"${SRCROOT}/Pods/Target Support Files/Pods-YellowPod/Pods-YellowPod-frameworks.sh",
				"${BUILT_PRODUCTS_DIR}/Alamofire/Alamofire.framework",
				"${BUILT_PRODUCTS_DIR}/Bugle/Bugle.framework",
				"${BUILT_PRODUCTS_DIR}/DefaultsKit/DefaultsKit.framework",
				"${BUILT_PRODUCTS_DIR}/SDWebImage/SDWebImage.framework",
				"${BUILT_PRODUCTS_DIR}/SwiftyJSON/SwiftyJSON.framework",
			);
			name = "[CP] Embed Pods Frameworks";
			outputPaths = (
				"${TARGET_BUILD_DIR}/${FRAMEWORKS_FOLDER_PATH}/Alamofire.framework",
				"${TARGET_BUILD_DIR}/${FRAMEWORKS_FOLDER_PATH}/Bugle.framework",
				"${TARGET_BUILD_DIR}/${FRAMEWORKS_FOLDER_PATH}/DefaultsKit.framework",
				"${TARGET_BUILD_DIR}/${FRAMEWORKS_FOLDER_PATH}/SDWebImage.framework",
				"${TARGET_BUILD_DIR}/${FRAMEWORKS_FOLDER_PATH}/SwiftyJSON.framework",
			);
			runOnlyForDeploymentPostprocessing = 0;
			shellPath = /bin/sh;
			shellScript = "\"${SRCROOT}/Pods/Target Support Files/Pods-YellowPod/Pods-YellowPod-frameworks.sh\"\n";
			showEnvVarsInLog = 0;
		};
		90F3CAD61B4C787D0D4E6A31 /* [CP] Copy Pods Resources */ = {
			isa = PBXShellScriptBuildPhase;
			buildActionMask = 2147483647;
			files = (
			);
			inputPaths = (
			);
			name = "[CP] Copy Pods Resources";
			outputPaths = (
			);
			runOnlyForDeploymentPostprocessing = 0;
			shellPath = /bin/sh;
			shellScript = "\"${SRCROOT}/Pods/Target Support Files/Pods-YellowPod/Pods-YellowPod-resources.sh\"\n";
			showEnvVarsInLog = 0;
		};
		ACB40B2BE59BE92F9BB4F6EC /* [CP] Check Pods Manifest.lock */ = {
			isa = PBXShellScriptBuildPhase;
			buildActionMask = 2147483647;
			files = (
			);
			inputPaths = (
				"${PODS_PODFILE_DIR_PATH}/Podfile.lock",
				"${PODS_ROOT}/Manifest.lock",
			);
			name = "[CP] Check Pods Manifest.lock";
			outputPaths = (
				"$(DERIVED_FILE_DIR)/Pods-YellowPod-checkManifestLockResult.txt",
			);
			runOnlyForDeploymentPostprocessing = 0;
			shellPath = /bin/sh;
			shellScript = "diff \"${PODS_PODFILE_DIR_PATH}/Podfile.lock\" \"${PODS_ROOT}/Manifest.lock\" > /dev/null\nif [ $? != 0 ] ; then\n    # print error to STDERR\n    echo \"error: The sandbox is not in sync with the Podfile.lock. Run 'pod install' or update your CocoaPods installation.\" >&2\n    exit 1\nfi\n# This output is used by Xcode 'outputs' to avoid re-running this script phase.\necho \"SUCCESS\" > \"${SCRIPT_OUTPUT_FILE_0}\"\n";
			showEnvVarsInLog = 0;
		};
		DD2B7D161F951387E4FB09D3 /* [CP] Embed Pods Frameworks */ = {
			isa = PBXShellScriptBuildPhase;
			buildActionMask = 2147483647;
			files = (
			);
			inputPaths = (
			);
			name = "[CP] Embed Pods Frameworks";
			outputPaths = (
			);
			runOnlyForDeploymentPostprocessing = 0;
			shellPath = /bin/sh;
			shellScript = "\"${SRCROOT}/Pods/Target Support Files/Pods-YellowPodTests/Pods-YellowPodTests-frameworks.sh\"\n";
			showEnvVarsInLog = 0;
		};
/* End PBXShellScriptBuildPhase section */

/* Begin PBXSourcesBuildPhase section */
		A0CD65591FD72BCC008A9845 /* Sources */ = {
			isa = PBXSourcesBuildPhase;
			buildActionMask = 2147483647;
			files = (
				A03C125220227F930055B1AF /* UITableView+Ext.swift in Sources */,
				A03C125520227F930055B1AF /* UIViewController+Keyboard.swift in Sources */,
				A03C125B20227F930055B1AF /* Double+Ext.swift in Sources */,
				A03C125A20227F930055B1AF /* Date+Ext.swift in Sources */,
				A0CD65631FD72BCC008A9845 /* DispatchViewController.swift in Sources */,
				A03C126120227F930055B1AF /* UIView+Shape.swift in Sources */,
				A03C127420227F930055B1AF /* Navigator+Captain.swift in Sources */,
				A03C125620227F930055B1AF /* UIViewController+Styles.swift in Sources */,
				A0A84198213B28D200764560 /* LocalDataSourceManager.swift in Sources */,
				A03C126920227F930055B1AF /* DeviceDetection.swift in Sources */,
				A03C125720227F930055B1AF /* PlaceHolderImageProvider.swift in Sources */,
				A03C126820227F930055B1AF /* DateHelper.swift in Sources */,
				A041DE0D202294210026FCB9 /* BasePointAnnotation.swift in Sources */,
				A041DE0C202294210026FCB9 /* BaseMapViewController.swift in Sources */,
				A03C126C20227F930055B1AF /* TextHelper.swift in Sources */,
				A03C125F20227F930055B1AF /* UIApplication+Ext.swift in Sources */,
				A03C127520227F930055B1AF /* Navigator+Transition.swift in Sources */,
				A022908F213676A600542759 /* MocksUsersAPI.swift in Sources */,
				A022908E213676A600542759 /* MockHelper.swift in Sources */,
				A03C126A20227F930055B1AF /* InfoPlistHelper.swift in Sources */,
				A03C126F20227F930055B1AF /* BaseViewControllerIndicator.swift in Sources */,
				A022909B213676A600542759 /* UsersAPI.swift in Sources */,
				A03C127320227F930055B1AF /* NavigationHelper+Transition.swift in Sources */,
				A0229091213676A600542759 /* Router.swift in Sources */,
				A041DE1320229F370026FCB9 /* Constants.swift in Sources */,
				A0229089213676A600542759 /* MockUserManager.swift in Sources */,
				A03C127120227F930055B1AF /* CLGeocoder+Ext.swift in Sources */,
				A03C125420227F930055B1AF /* UIViewController+Gallery.swift in Sources */,
				A022908A213676A600542759 /* Managers.swift in Sources */,
				A0229099213676A600542759 /* InvalidSMSCodeHandler.swift in Sources */,
				A041DE0A202294210026FCB9 /* BaseMapProtocols.swift in Sources */,
				A03C127020227F930055B1AF /* PresenterMate.swift in Sources */,
				A0BD12C82023B543000EAF65 /* UIViewController+Titles.swift in Sources */,
				A0229095213676A600542759 /* RemoteDataSource.swift in Sources */,
				A03C125C20227F930055B1AF /* String+Ext.swift in Sources */,
				A0A8419A213B3EE600764560 /* Session.swift in Sources */,
				A0229098213676A600542759 /* SerializationError.swift in Sources */,
				A0229090213676A600542759 /* UsersRouter.swift in Sources */,
				A03C125D20227F930055B1AF /* UIColor+Ext.swift in Sources */,
				A041DE10202294210026FCB9 /* MKMapView+Zoom.swift in Sources */,
				A03C126020227F930055B1AF /* UIView+Blink.swift in Sources */,
				A03C125120227F930055B1AF /* UICollectionView+Ext.swift in Sources */,
				A03C126D20227F930055B1AF /* BaseView.swift in Sources */,
				A03C126B20227F930055B1AF /* StringHelper.swift in Sources */,
				A0229092213676A600542759 /* API+Endpoints.swift in Sources */,
				A041DE0F202294210026FCB9 /* MKMapView+Ext.swift in Sources */,
				A03C126E20227F930055B1AF /* BaseViewController.swift in Sources */,
				A03C125320227F930055B1AF /* UIViewController+BackButton.swift in Sources */,
				A0CD65611FD72BCC008A9845 /* AppDelegate.swift in Sources */,
				A0BD12CB2023B5EA000EAF65 /* UIView+Anchors.swift in Sources */,
				A03C127220227F930055B1AF /* CLPlacemark+Ext.swift in Sources */,
				A041DE11202294210026FCB9 /* MapOptions.swift in Sources */,
				A03C125820227F930055B1AF /* SDWebImage+Ext.swift in Sources */,
				A041DE0B202294210026FCB9 /* BaseMapViewController+Location.swift in Sources */,
				A0229096213676A600542759 /* API.swift in Sources */,
				A022909A213676A600542759 /* UsersAPIProtocol.swift in Sources */,
				A0229097213676A600542759 /* HorrorHandler.swift in Sources */,
				A03C127620227F930055B1AF /* Navigator.swift in Sources */,
				A041DE09202294210026FCB9 /* DecorableCell.swift in Sources */,
				A03C125920227F930055B1AF /* Array+Ext.swift in Sources */,
				A0BD12C62023B357000EAF65 /* CollectionsIdentifiers.swift in Sources */,
				A03C126220227F930055B1AF /* UIView+Styles.swift in Sources */,
				A0EAC7441FD74C29000268A3 /* User.swift in Sources */,
			);
			runOnlyForDeploymentPostprocessing = 0;
		};
		A0CD656D1FD72BCC008A9845 /* Sources */ = {
			isa = PBXSourcesBuildPhase;
			buildActionMask = 2147483647;
			files = (
				A0CD65761FD72BCC008A9845 /* YellowPodTests.swift in Sources */,
			);
			runOnlyForDeploymentPostprocessing = 0;
		};
		A0CD65781FD72BCC008A9845 /* Sources */ = {
			isa = PBXSourcesBuildPhase;
			buildActionMask = 2147483647;
			files = (
				A0CD65811FD72BCC008A9845 /* YellowPodUITests.swift in Sources */,
			);
			runOnlyForDeploymentPostprocessing = 0;
		};
/* End PBXSourcesBuildPhase section */

/* Begin PBXTargetDependency section */
		A0CD65731FD72BCC008A9845 /* PBXTargetDependency */ = {
			isa = PBXTargetDependency;
			target = A0CD655C1FD72BCC008A9845 /* YellowPod */;
			targetProxy = A0CD65721FD72BCC008A9845 /* PBXContainerItemProxy */;
		};
		A0CD657E1FD72BCC008A9845 /* PBXTargetDependency */ = {
			isa = PBXTargetDependency;
			target = A0CD655C1FD72BCC008A9845 /* YellowPod */;
			targetProxy = A0CD657D1FD72BCC008A9845 /* PBXContainerItemProxy */;
		};
/* End PBXTargetDependency section */

/* Begin PBXVariantGroup section */
		A0CD65691FD72BCC008A9845 /* LaunchScreen.storyboard */ = {
			isa = PBXVariantGroup;
			children = (
				A0CD656A1FD72BCC008A9845 /* Base */,
			);
			name = LaunchScreen.storyboard;
			sourceTree = "<group>";
		};
/* End PBXVariantGroup section */

/* Begin XCBuildConfiguration section */
		A0CD65831FD72BCC008A9845 /* Debug */ = {
			isa = XCBuildConfiguration;
			buildSettings = {
				ALWAYS_SEARCH_USER_PATHS = NO;
				CLANG_ANALYZER_NONNULL = YES;
				CLANG_ANALYZER_NUMBER_OBJECT_CONVERSION = YES_AGGRESSIVE;
				CLANG_CXX_LANGUAGE_STANDARD = "gnu++14";
				CLANG_CXX_LIBRARY = "libc++";
				CLANG_ENABLE_MODULES = YES;
				CLANG_ENABLE_OBJC_ARC = YES;
				CLANG_WARN_BLOCK_CAPTURE_AUTORELEASING = YES;
				CLANG_WARN_BOOL_CONVERSION = YES;
				CLANG_WARN_COMMA = YES;
				CLANG_WARN_CONSTANT_CONVERSION = YES;
				CLANG_WARN_DIRECT_OBJC_ISA_USAGE = YES_ERROR;
				CLANG_WARN_DOCUMENTATION_COMMENTS = YES;
				CLANG_WARN_EMPTY_BODY = YES;
				CLANG_WARN_ENUM_CONVERSION = YES;
				CLANG_WARN_INFINITE_RECURSION = YES;
				CLANG_WARN_INT_CONVERSION = YES;
				CLANG_WARN_NON_LITERAL_NULL_CONVERSION = YES;
				CLANG_WARN_OBJC_LITERAL_CONVERSION = YES;
				CLANG_WARN_OBJC_ROOT_CLASS = YES_ERROR;
				CLANG_WARN_RANGE_LOOP_ANALYSIS = YES;
				CLANG_WARN_STRICT_PROTOTYPES = YES;
				CLANG_WARN_SUSPICIOUS_MOVE = YES;
				CLANG_WARN_UNGUARDED_AVAILABILITY = YES_AGGRESSIVE;
				CLANG_WARN_UNREACHABLE_CODE = YES;
				CLANG_WARN__DUPLICATE_METHOD_MATCH = YES;
				CODE_SIGN_IDENTITY = "iPhone Developer";
				COPY_PHASE_STRIP = NO;
				DEBUG_INFORMATION_FORMAT = dwarf;
				ENABLE_STRICT_OBJC_MSGSEND = YES;
				ENABLE_TESTABILITY = YES;
				GCC_C_LANGUAGE_STANDARD = gnu11;
				GCC_DYNAMIC_NO_PIC = NO;
				GCC_NO_COMMON_BLOCKS = YES;
				GCC_OPTIMIZATION_LEVEL = 0;
				GCC_PREPROCESSOR_DEFINITIONS = (
					"DEBUG=1",
					"$(inherited)",
				);
				GCC_WARN_64_TO_32_BIT_CONVERSION = YES;
				GCC_WARN_ABOUT_RETURN_TYPE = YES_ERROR;
				GCC_WARN_UNDECLARED_SELECTOR = YES;
				GCC_WARN_UNINITIALIZED_AUTOS = YES_AGGRESSIVE;
				GCC_WARN_UNUSED_FUNCTION = YES;
				GCC_WARN_UNUSED_VARIABLE = YES;
				IPHONEOS_DEPLOYMENT_TARGET = 11.1;
				MTL_ENABLE_DEBUG_INFO = YES;
				ONLY_ACTIVE_ARCH = YES;
				SDKROOT = iphoneos;
				SWIFT_ACTIVE_COMPILATION_CONDITIONS = DEBUG;
				SWIFT_OPTIMIZATION_LEVEL = "-Onone";
			};
			name = Debug;
		};
		A0CD65841FD72BCC008A9845 /* Release */ = {
			isa = XCBuildConfiguration;
			buildSettings = {
				ALWAYS_SEARCH_USER_PATHS = NO;
				CLANG_ANALYZER_NONNULL = YES;
				CLANG_ANALYZER_NUMBER_OBJECT_CONVERSION = YES_AGGRESSIVE;
				CLANG_CXX_LANGUAGE_STANDARD = "gnu++14";
				CLANG_CXX_LIBRARY = "libc++";
				CLANG_ENABLE_MODULES = YES;
				CLANG_ENABLE_OBJC_ARC = YES;
				CLANG_WARN_BLOCK_CAPTURE_AUTORELEASING = YES;
				CLANG_WARN_BOOL_CONVERSION = YES;
				CLANG_WARN_COMMA = YES;
				CLANG_WARN_CONSTANT_CONVERSION = YES;
				CLANG_WARN_DIRECT_OBJC_ISA_USAGE = YES_ERROR;
				CLANG_WARN_DOCUMENTATION_COMMENTS = YES;
				CLANG_WARN_EMPTY_BODY = YES;
				CLANG_WARN_ENUM_CONVERSION = YES;
				CLANG_WARN_INFINITE_RECURSION = YES;
				CLANG_WARN_INT_CONVERSION = YES;
				CLANG_WARN_NON_LITERAL_NULL_CONVERSION = YES;
				CLANG_WARN_OBJC_LITERAL_CONVERSION = YES;
				CLANG_WARN_OBJC_ROOT_CLASS = YES_ERROR;
				CLANG_WARN_RANGE_LOOP_ANALYSIS = YES;
				CLANG_WARN_STRICT_PROTOTYPES = YES;
				CLANG_WARN_SUSPICIOUS_MOVE = YES;
				CLANG_WARN_UNGUARDED_AVAILABILITY = YES_AGGRESSIVE;
				CLANG_WARN_UNREACHABLE_CODE = YES;
				CLANG_WARN__DUPLICATE_METHOD_MATCH = YES;
				CODE_SIGN_IDENTITY = "iPhone Developer";
				COPY_PHASE_STRIP = NO;
				DEBUG_INFORMATION_FORMAT = "dwarf-with-dsym";
				ENABLE_NS_ASSERTIONS = NO;
				ENABLE_STRICT_OBJC_MSGSEND = YES;
				GCC_C_LANGUAGE_STANDARD = gnu11;
				GCC_NO_COMMON_BLOCKS = YES;
				GCC_WARN_64_TO_32_BIT_CONVERSION = YES;
				GCC_WARN_ABOUT_RETURN_TYPE = YES_ERROR;
				GCC_WARN_UNDECLARED_SELECTOR = YES;
				GCC_WARN_UNINITIALIZED_AUTOS = YES_AGGRESSIVE;
				GCC_WARN_UNUSED_FUNCTION = YES;
				GCC_WARN_UNUSED_VARIABLE = YES;
				IPHONEOS_DEPLOYMENT_TARGET = 11.1;
				MTL_ENABLE_DEBUG_INFO = NO;
				SDKROOT = iphoneos;
				SWIFT_OPTIMIZATION_LEVEL = "-Owholemodule";
				VALIDATE_PRODUCT = YES;
			};
			name = Release;
		};
		A0CD65861FD72BCC008A9845 /* Debug */ = {
			isa = XCBuildConfiguration;
			baseConfigurationReference = C63B44D3BE6B05E4C49E158E /* Pods-YellowPod.debug.xcconfig */;
			buildSettings = {
				ASSETCATALOG_COMPILER_APPICON_NAME = AppIcon;
				CODE_SIGN_STYLE = Automatic;
				INFOPLIST_FILE = YellowPod/Config/Info.plist;
				LD_RUNPATH_SEARCH_PATHS = "$(inherited) @executable_path/Frameworks";
				PRODUCT_BUNDLE_IDENTIFIER = mx.yellowme.YellowPod;
				PRODUCT_NAME = "$(TARGET_NAME)";
				SWIFT_VERSION = 4.0;
				TARGETED_DEVICE_FAMILY = "1,2";
			};
			name = Debug;
		};
		A0CD65871FD72BCC008A9845 /* Release */ = {
			isa = XCBuildConfiguration;
			baseConfigurationReference = 3BCA90738631765138037EA6 /* Pods-YellowPod.release.xcconfig */;
			buildSettings = {
				ASSETCATALOG_COMPILER_APPICON_NAME = AppIcon;
				CODE_SIGN_STYLE = Automatic;
				INFOPLIST_FILE = YellowPod/Config/Info.plist;
				LD_RUNPATH_SEARCH_PATHS = "$(inherited) @executable_path/Frameworks";
				PRODUCT_BUNDLE_IDENTIFIER = mx.yellowme.YellowPod;
				PRODUCT_NAME = "$(TARGET_NAME)";
				SWIFT_VERSION = 4.0;
				TARGETED_DEVICE_FAMILY = "1,2";
			};
			name = Release;
		};
		A0CD65891FD72BCC008A9845 /* Debug */ = {
			isa = XCBuildConfiguration;
			baseConfigurationReference = EF97B3E6984C8EA0240DE73D /* Pods-YellowPodTests.debug.xcconfig */;
			buildSettings = {
				ALWAYS_EMBED_SWIFT_STANDARD_LIBRARIES = YES;
				BUNDLE_LOADER = "$(TEST_HOST)";
				CODE_SIGN_STYLE = Automatic;
				INFOPLIST_FILE = YellowPodTests/Info.plist;
				LD_RUNPATH_SEARCH_PATHS = "$(inherited) @executable_path/Frameworks @loader_path/Frameworks";
				PRODUCT_BUNDLE_IDENTIFIER = mx.yellowme.YellowPodTests;
				PRODUCT_NAME = "$(TARGET_NAME)";
				SWIFT_VERSION = 4.0;
				TARGETED_DEVICE_FAMILY = "1,2";
				TEST_HOST = "$(BUILT_PRODUCTS_DIR)/YellowPod.app/YellowPod";
			};
			name = Debug;
		};
		A0CD658A1FD72BCC008A9845 /* Release */ = {
			isa = XCBuildConfiguration;
			baseConfigurationReference = 65F5C7E8FB380B75635F101E /* Pods-YellowPodTests.release.xcconfig */;
			buildSettings = {
				ALWAYS_EMBED_SWIFT_STANDARD_LIBRARIES = YES;
				BUNDLE_LOADER = "$(TEST_HOST)";
				CODE_SIGN_STYLE = Automatic;
				INFOPLIST_FILE = YellowPodTests/Info.plist;
				LD_RUNPATH_SEARCH_PATHS = "$(inherited) @executable_path/Frameworks @loader_path/Frameworks";
				PRODUCT_BUNDLE_IDENTIFIER = mx.yellowme.YellowPodTests;
				PRODUCT_NAME = "$(TARGET_NAME)";
				SWIFT_VERSION = 4.0;
				TARGETED_DEVICE_FAMILY = "1,2";
				TEST_HOST = "$(BUILT_PRODUCTS_DIR)/YellowPod.app/YellowPod";
			};
			name = Release;
		};
		A0CD658C1FD72BCC008A9845 /* Debug */ = {
			isa = XCBuildConfiguration;
			baseConfigurationReference = B034DD4457C6E0CB2F3DF93D /* Pods-YellowPodUITests.debug.xcconfig */;
			buildSettings = {
				ALWAYS_EMBED_SWIFT_STANDARD_LIBRARIES = YES;
				CODE_SIGN_STYLE = Automatic;
				INFOPLIST_FILE = YellowPodUITests/Info.plist;
				LD_RUNPATH_SEARCH_PATHS = "$(inherited) @executable_path/Frameworks @loader_path/Frameworks";
				PRODUCT_BUNDLE_IDENTIFIER = mx.yellowme.YellowPodUITests;
				PRODUCT_NAME = "$(TARGET_NAME)";
				SWIFT_VERSION = 4.0;
				TARGETED_DEVICE_FAMILY = "1,2";
				TEST_TARGET_NAME = YellowPod;
			};
			name = Debug;
		};
		A0CD658D1FD72BCC008A9845 /* Release */ = {
			isa = XCBuildConfiguration;
			baseConfigurationReference = 847409FAB587F35C2A154594 /* Pods-YellowPodUITests.release.xcconfig */;
			buildSettings = {
				ALWAYS_EMBED_SWIFT_STANDARD_LIBRARIES = YES;
				CODE_SIGN_STYLE = Automatic;
				INFOPLIST_FILE = YellowPodUITests/Info.plist;
				LD_RUNPATH_SEARCH_PATHS = "$(inherited) @executable_path/Frameworks @loader_path/Frameworks";
				PRODUCT_BUNDLE_IDENTIFIER = mx.yellowme.YellowPodUITests;
				PRODUCT_NAME = "$(TARGET_NAME)";
				SWIFT_VERSION = 4.0;
				TARGETED_DEVICE_FAMILY = "1,2";
				TEST_TARGET_NAME = YellowPod;
			};
			name = Release;
		};
/* End XCBuildConfiguration section */

/* Begin XCConfigurationList section */
		A0CD65581FD72BCC008A9845 /* Build configuration list for PBXProject "YellowPod" */ = {
			isa = XCConfigurationList;
			buildConfigurations = (
				A0CD65831FD72BCC008A9845 /* Debug */,
				A0CD65841FD72BCC008A9845 /* Release */,
			);
			defaultConfigurationIsVisible = 0;
			defaultConfigurationName = Release;
		};
		A0CD65851FD72BCC008A9845 /* Build configuration list for PBXNativeTarget "YellowPod" */ = {
			isa = XCConfigurationList;
			buildConfigurations = (
				A0CD65861FD72BCC008A9845 /* Debug */,
				A0CD65871FD72BCC008A9845 /* Release */,
			);
			defaultConfigurationIsVisible = 0;
			defaultConfigurationName = Release;
		};
		A0CD65881FD72BCC008A9845 /* Build configuration list for PBXNativeTarget "YellowPodTests" */ = {
			isa = XCConfigurationList;
			buildConfigurations = (
				A0CD65891FD72BCC008A9845 /* Debug */,
				A0CD658A1FD72BCC008A9845 /* Release */,
			);
			defaultConfigurationIsVisible = 0;
			defaultConfigurationName = Release;
		};
		A0CD658B1FD72BCC008A9845 /* Build configuration list for PBXNativeTarget "YellowPodUITests" */ = {
			isa = XCConfigurationList;
			buildConfigurations = (
				A0CD658C1FD72BCC008A9845 /* Debug */,
				A0CD658D1FD72BCC008A9845 /* Release */,
			);
			defaultConfigurationIsVisible = 0;
			defaultConfigurationName = Release;
		};
/* End XCConfigurationList section */
	};
	rootObject = A0CD65551FD72BCC008A9845 /* Project object */;
}
